<?xml version="1.0" encoding="utf-8"?>
<Project ToolsVersion="4.0" xmlns="http://schemas.microsoft.com/developer/msbuild/2003">
  <ItemGroup>
    <ClInclude Include="ContentsCore.h" />
    <ClInclude Include="TestObject1.h">
      <Filter>Levels\Test\Object\Test</Filter>
    </ClInclude>
    <ClInclude Include="PrecompileHeader.h" />
    <ClInclude Include="TestLevel3D.h">
      <Filter>Levels\Test</Filter>
    </ClInclude>
    <ClInclude Include="MainMenuLevel.h">
      <Filter>Levels\MainMenu</Filter>
    </ClInclude>
    <ClInclude Include="MenuBG.h">
      <Filter>Levels\MainMenu\Object</Filter>
    </ClInclude>
    <ClInclude Include="MenuTitle.h">
      <Filter>Levels\MainMenu\Object</Filter>
    </ClInclude>
    <ClInclude Include="HollowKnightLevel.h">
      <Filter>Levels\PlayLevel\HollowKnight</Filter>
    </ClInclude>
    <ClInclude Include="Player.h">
      <Filter>Levels\PlayLevel\Player</Filter>
    </ClInclude>
    <ClInclude Include="HollowKnightBossRoom.h">
      <Filter>Levels\PlayLevel\HollowKnight\Object</Filter>
    </ClInclude>
    <ClInclude Include="ContentsEnum.h" />
    <ClInclude Include="HollowKnightBossOrangeBlob.h">
      <Filter>Levels\PlayLevel\HollowKnight\Object</Filter>
    </ClInclude>
    <ClInclude Include="HollowKnightBoss.h">
      <Filter>Levels\PlayLevel\HollowKnight\Object</Filter>
    </ClInclude>
    <ClInclude Include="ShadowDashRechargedEffect.h">
      <Filter>Levels\PlayLevel\Player\Effect</Filter>
    </ClInclude>
    <ClInclude Include="ScreamEffect.h">
      <Filter>Levels\PlayLevel\Player\Effect</Filter>
    </ClInclude>
    <ClInclude Include="PlayerFireBall.h">
      <Filter>Levels\PlayLevel\Player\Effect</Filter>
    </ClInclude>
    <ClInclude Include="FireballCastEffect.h">
      <Filter>Levels\PlayLevel\Player\Effect</Filter>
    </ClInclude>
    <ClInclude Include="FireBallHitWallEffect.h">
      <Filter>Levels\PlayLevel\Player\Effect</Filter>
    </ClInclude>
    <ClInclude Include="FocusEffect.h">
      <Filter>Levels\PlayLevel\Player\Effect</Filter>
    </ClInclude>
    <ClInclude Include="HealingEffect.h">
      <Filter>Levels\PlayLevel\Player\Effect</Filter>
    </ClInclude>
    <ClInclude Include="DoubleJumpEffect.h">
      <Filter>Levels\PlayLevel\Player\Effect</Filter>
    </ClInclude>
    <ClInclude Include="SlashEffect.h">
      <Filter>Levels\PlayLevel\Player\Effect</Filter>
    </ClInclude>
    <ClInclude Include="DashEffect.h">
      <Filter>Levels\PlayLevel\Player\Effect</Filter>
    </ClInclude>
    <ClInclude Include="ShadowDashEffect.h">
      <Filter>Levels\PlayLevel\Player\Effect</Filter>
    </ClInclude>
    <ClInclude Include="FireballHitEnemyEffect.h">
      <Filter>Levels\PlayLevel\Player\Effect</Filter>
    </ClInclude>
    <ClInclude Include="PlayerHitSlashEffect.h">
      <Filter>Levels\PlayLevel\Player\Effect</Filter>
    </ClInclude>
    <ClInclude Include="PlayerHitEffect.h">
      <Filter>Levels\PlayLevel\Player\Effect</Filter>
    </ClInclude>
    <ClInclude Include="HollowKnightBlasts.h">
      <Filter>Levels\PlayLevel\HollowKnight\Object</Filter>
    </ClInclude>
    <ClInclude Include="HollowKnightBullet.h">
      <Filter>Levels\PlayLevel\HollowKnight\Object</Filter>
    </ClInclude>
    <ClInclude Include="HollowKnightSmallShotEffect.h">
      <Filter>Levels\PlayLevel\HollowKnight\Object</Filter>
    </ClInclude>
    <ClInclude Include="GetDamageEffect.h">
      <Filter>Levels\PlayLevel\Player\Effect</Filter>
    </ClInclude>
    <ClInclude Include="PlayerUIManager.h">
      <Filter>Levels\PlayLevel\Player\UI</Filter>
    </ClInclude>
    <ClInclude Include="PlayerHPUI.h">
      <Filter>Levels\PlayLevel\Player\UI</Filter>
    </ClInclude>
    <ClInclude Include="BindBreakEffect.h">
      <Filter>Levels\PlayLevel\HollowKnight\HollowKnightEffect</Filter>
    </ClInclude>
    <ClInclude Include="ChestShotEffect.h">
      <Filter>Levels\PlayLevel\HollowKnight\HollowKnightEffect</Filter>
    </ClInclude>
    <ClInclude Include="HitDustEffect.h">
      <Filter>Levels\PlayLevel\HollowKnight\HollowKnightEffect</Filter>
    </ClInclude>
    <ClInclude Include="RoarEffect.h">
      <Filter>Levels\PlayLevel\HollowKnight\HollowKnightEffect</Filter>
    </ClInclude>
    <ClInclude Include="SelfStabEffect.h">
      <Filter>Levels\PlayLevel\HollowKnight\HollowKnightEffect</Filter>
    </ClInclude>
    <ClInclude Include="SlamEffect.h">
      <Filter>Levels\PlayLevel\HollowKnight\HollowKnightEffect</Filter>
    </ClInclude>
    <ClInclude Include="HollowKnightDashEffect.h">
      <Filter>Levels\PlayLevel\HollowKnight\HollowKnightEffect</Filter>
    </ClInclude>
    <ClInclude Include="BossDeathEffect.h">
      <Filter>Levels\PlayLevel\HollowKnight\HollowKnightEffect</Filter>
    </ClInclude>
    <ClInclude Include="EndLevel.h">
      <Filter>Levels\EndingLevel</Filter>
    </ClInclude>
    <ClInclude Include="EndingVideo.h">
      <Filter>Levels\EndingLevel\Object</Filter>
    </ClInclude>
    <ClInclude Include="FadeEffect.h">
      <Filter>PostEffect</Filter>
    </ClInclude>
    <ClInclude Include="MainMenuUIManager.h">
      <Filter>Levels\MainMenu\Object</Filter>
    </ClInclude>
    <ClInclude Include="MainMenuUIButton.h">
      <Filter>Levels\MainMenu\Object</Filter>
    </ClInclude>
    <ClInclude Include="PlayerDeathEffect.h">
      <Filter>Levels\PlayLevel\Player\Effect</Filter>
    </ClInclude>
  </ItemGroup>
  <ItemGroup>
    <ClCompile Include="ContentsCore.cpp" />
    <ClCompile Include="TestObject1.cpp">
      <Filter>Levels\Test\Object\Test</Filter>
    </ClCompile>
    <ClCompile Include="PrecompileHeader.cpp" />
    <ClCompile Include="TestLevel3D.cpp">
      <Filter>Levels\Test</Filter>
    </ClCompile>
    <ClCompile Include="MainMenuLevel.cpp">
      <Filter>Levels\MainMenu</Filter>
    </ClCompile>
    <ClCompile Include="MenuBG.cpp">
      <Filter>Levels\MainMenu\Object</Filter>
    </ClCompile>
    <ClCompile Include="MenuTitle.cpp">
      <Filter>Levels\MainMenu\Object</Filter>
    </ClCompile>
    <ClCompile Include="HollowKnightLevel.cpp">
      <Filter>Levels\PlayLevel\HollowKnight</Filter>
    </ClCompile>
    <ClCompile Include="Player.cpp">
      <Filter>Levels\PlayLevel\Player</Filter>
    </ClCompile>
    <ClCompile Include="HollowKnightBossRoom.cpp">
      <Filter>Levels\PlayLevel\HollowKnight\Object</Filter>
    </ClCompile>
    <ClCompile Include="HollowKnightBossOrangeBlob.cpp">
      <Filter>Levels\PlayLevel\HollowKnight\Object</Filter>
    </ClCompile>
    <ClCompile Include="HollowKnightBoss.cpp">
      <Filter>Levels\PlayLevel\HollowKnight\Object</Filter>
    </ClCompile>
    <ClCompile Include="HollowKnight_State.cpp">
      <Filter>Levels\PlayLevel\HollowKnight\Object</Filter>
    </ClCompile>
    <ClCompile Include="HollowKnight_AttackState.cpp">
      <Filter>Levels\PlayLevel\HollowKnight\Object</Filter>
    </ClCompile>
    <ClCompile Include="Player_State.cpp">
      <Filter>Levels\PlayLevel\Player</Filter>
    </ClCompile>
    <ClCompile Include="Player_AttackState.cpp">
      <Filter>Levels\PlayLevel\Player</Filter>
    </ClCompile>
    <ClCompile Include="Contents_Resources.cpp" />
    <ClCompile Include="ShadowDashRechargedEffect.cpp">
      <Filter>Levels\PlayLevel\Player\Effect</Filter>
    </ClCompile>
    <ClCompile Include="ScreamEffect.cpp">
      <Filter>Levels\PlayLevel\Player\Effect</Filter>
    </ClCompile>
    <ClCompile Include="PlayerFireBall.cpp">
      <Filter>Levels\PlayLevel\Player\Effect</Filter>
    </ClCompile>
    <ClCompile Include="FireballCastEffect.cpp">
      <Filter>Levels\PlayLevel\Player\Effect</Filter>
    </ClCompile>
    <ClCompile Include="FireBallHitWallEffect.cpp">
      <Filter>Levels\PlayLevel\Player\Effect</Filter>
    </ClCompile>
    <ClCompile Include="FocusEffect.cpp">
      <Filter>Levels\PlayLevel\Player\Effect</Filter>
    </ClCompile>
    <ClCompile Include="HealingEffect.cpp">
      <Filter>Levels\PlayLevel\Player\Effect</Filter>
    </ClCompile>
    <ClCompile Include="DoubleJumpEffect.cpp">
      <Filter>Levels\PlayLevel\Player\Effect</Filter>
    </ClCompile>
    <ClCompile Include="SlashEffect.cpp">
      <Filter>Levels\PlayLevel\Player\Effect</Filter>
    </ClCompile>
    <ClCompile Include="DashEffect.cpp">
      <Filter>Levels\PlayLevel\Player\Effect</Filter>
    </ClCompile>
    <ClCompile Include="ShadowDashEffect.cpp">
      <Filter>Levels\PlayLevel\Player\Effect</Filter>
    </ClCompile>
    <ClCompile Include="FireballHitEnemyEffect.cpp">
      <Filter>Levels\PlayLevel\Player\Effect</Filter>
    </ClCompile>
    <ClCompile Include="PlayerHitSlashEffect.cpp">
      <Filter>Levels\PlayLevel\Player\Effect</Filter>
    </ClCompile>
    <ClCompile Include="PlayerHitEffect.cpp">
      <Filter>Levels\PlayLevel\Player\Effect</Filter>
    </ClCompile>
    <ClCompile Include="HollowKnightBlasts.cpp">
      <Filter>Levels\PlayLevel\HollowKnight\Object</Filter>
    </ClCompile>
    <ClCompile Include="HollowKnightBullet.cpp">
      <Filter>Levels\PlayLevel\HollowKnight\Object</Filter>
    </ClCompile>
    <ClCompile Include="HollowKnightSmallShotEffect.cpp">
      <Filter>Levels\PlayLevel\HollowKnight\Object</Filter>
    </ClCompile>
    <ClCompile Include="GetDamageEffect.cpp">
      <Filter>Levels\PlayLevel\Player\Effect</Filter>
    </ClCompile>
    <ClCompile Include="PlayerUIManager.cpp">
      <Filter>Levels\PlayLevel\Player\UI</Filter>
    </ClCompile>
    <ClCompile Include="PlayerHPUI.cpp">
      <Filter>Levels\PlayLevel\Player\UI</Filter>
    </ClCompile>
    <ClCompile Include="BindBreakEffect.cpp">
      <Filter>Levels\PlayLevel\HollowKnight\HollowKnightEffect</Filter>
    </ClCompile>
    <ClCompile Include="ChestShotEffect.cpp">
      <Filter>Levels\PlayLevel\HollowKnight\HollowKnightEffect</Filter>
    </ClCompile>
    <ClCompile Include="HitDustEffect.cpp">
      <Filter>Levels\PlayLevel\HollowKnight\HollowKnightEffect</Filter>
    </ClCompile>
    <ClCompile Include="RoarEffect.cpp">
      <Filter>Levels\PlayLevel\HollowKnight\HollowKnightEffect</Filter>
    </ClCompile>
    <ClCompile Include="SelfStabEffect.cpp">
      <Filter>Levels\PlayLevel\HollowKnight\HollowKnightEffect</Filter>
    </ClCompile>
    <ClCompile Include="SlamEffect.cpp">
      <Filter>Levels\PlayLevel\HollowKnight\HollowKnightEffect</Filter>
    </ClCompile>
    <ClCompile Include="HollowKnightDashEffect.cpp">
      <Filter>Levels\PlayLevel\HollowKnight\HollowKnightEffect</Filter>
    </ClCompile>
    <ClCompile Include="BossDeathEffect.cpp">
      <Filter>Levels\PlayLevel\HollowKnight\HollowKnightEffect</Filter>
    </ClCompile>
    <ClCompile Include="EndLevel.cpp">
      <Filter>Levels\EndingLevel</Filter>
    </ClCompile>
    <ClCompile Include="EndingVideo.cpp">
      <Filter>Levels\EndingLevel\Object</Filter>
    </ClCompile>
    <ClCompile Include="FadeEffect.cpp">
      <Filter>PostEffect</Filter>
    </ClCompile>
    <ClCompile Include="MainMenuUIManager.cpp">
      <Filter>Levels\MainMenu\Object</Filter>
    </ClCompile>
    <ClCompile Include="MainMenuUIButton.cpp">
      <Filter>Levels\MainMenu\Object</Filter>
    </ClCompile>
    <ClCompile Include="PlayerDeathEffect.cpp">
      <Filter>Levels\PlayLevel\Player\Effect</Filter>
    </ClCompile>
  </ItemGroup>
  <ItemGroup>
    <Filter Include="Levels">
      <UniqueIdentifier>{3d17108a-64cc-412c-add8-c9f82f90c9e4}</UniqueIdentifier>
    </Filter>
    <Filter Include="Levels\MainMenu">
      <UniqueIdentifier>{196c3313-5e8d-4762-b449-e5dfd0e38dd2}</UniqueIdentifier>
    </Filter>
    <Filter Include="Levels\MainMenu\Object">
      <UniqueIdentifier>{fff91752-be0c-43f3-bca7-b6421eb7cd1b}</UniqueIdentifier>
    </Filter>
    <Filter Include="Levels\Test">
      <UniqueIdentifier>{2b81ff5b-b766-4324-af42-410a64193b9f}</UniqueIdentifier>
    </Filter>
    <Filter Include="Levels\Test\Object">
      <UniqueIdentifier>{5daad51f-e26a-4b96-a088-a6c58794ff5b}</UniqueIdentifier>
    </Filter>
    <Filter Include="Levels\Test\Object\Test">
      <UniqueIdentifier>{39a607fd-dbf6-4187-9dd5-615f359dfdc7}</UniqueIdentifier>
    </Filter>
    <Filter Include="Levels\PlayLevel">
      <UniqueIdentifier>{790f5937-90ff-4d3f-92bc-0ea3a45aaec2}</UniqueIdentifier>
    </Filter>
    <Filter Include="Levels\PlayLevel\HollowKnight">
      <UniqueIdentifier>{141c214f-ad41-447d-9e30-31fbd5e17fdb}</UniqueIdentifier>
    </Filter>
    <Filter Include="Levels\PlayLevel\HollowKnight\Object">
      <UniqueIdentifier>{e23cfe87-df75-418f-8fed-eaea62659893}</UniqueIdentifier>
    </Filter>
    <Filter Include="Levels\PlayLevel\Player">
      <UniqueIdentifier>{a4c2b976-7376-444f-a3eb-d1268d0fc38b}</UniqueIdentifier>
    </Filter>
    <Filter Include="Levels\PlayLevel\Player\Effect">
      <UniqueIdentifier>{57e85f66-e9b0-4f82-acd9-3ef9f8ab6d4d}</UniqueIdentifier>
    </Filter>
    <Filter Include="Levels\PlayLevel\Player\UI">
      <UniqueIdentifier>{f01ca582-eaad-448c-a98b-49b5fd068985}</UniqueIdentifier>
    </Filter>
    <Filter Include="Levels\PlayLevel\HollowKnight\HollowKnightEffect">
      <UniqueIdentifier>{142ee0e5-6a21-48e1-bd07-e217268d8aad}</UniqueIdentifier>
    </Filter>
    <Filter Include="Levels\EndingLevel">
      <UniqueIdentifier>{72dd979e-c71b-4427-add1-7832502e1e0d}</UniqueIdentifier>
    </Filter>
    <Filter Include="Levels\EndingLevel\Object">
      <UniqueIdentifier>{409981c4-698a-45ad-95a2-25683bcfd0a2}</UniqueIdentifier>
    </Filter>
    <Filter Include="PostEffect">
      <UniqueIdentifier>{bd46c994-ff1e-4c71-8772-9082cbc66a2e}</UniqueIdentifier>
    </Filter>
  </ItemGroup>
</Project>