
Microsoft Visual Studio Solution File, Format Version 12.00
# Visual Studio Version 17
VisualStudioVersion = 17.4.33103.184
MinimumVisualStudioVersion = 10.0.40219.1
Project("{8BC9CEB8-8B4A-11D0-8D11-00A0C91BC942}") = "App", "App\App.vcxproj", "{BE443224-137F-4607-B7A2-341434A69F06}"
	ProjectSection(ProjectDependencies) = postProject
		{012509BD-0610-46F2-BCEF-076C0828D24F} = {012509BD-0610-46F2-BCEF-076C0828D24F}
		{4FCB06A4-36BC-495F-8A16-1C25998007A2} = {4FCB06A4-36BC-495F-8A16-1C25998007A2}
		{A6E9BFEE-96EC-4FC9-9219-12202F5126CC} = {A6E9BFEE-96EC-4FC9-9219-12202F5126CC}
		{E78B6D5D-F49D-4C2D-946C-5AA0CD1DFE9C} = {E78B6D5D-F49D-4C2D-946C-5AA0CD1DFE9C}
	EndProjectSection
EndProject
Project("{8BC9CEB8-8B4A-11D0-8D11-00A0C91BC942}") = "GameEngineBase", "GameEngineBase\GameEngineBase.vcxproj", "{A6E9BFEE-96EC-4FC9-9219-12202F5126CC}"
EndProject
Project("{8BC9CEB8-8B4A-11D0-8D11-00A0C91BC942}") = "GameEnginePlatform", "GameEnginePlatform\GameEnginePlatform.vcxproj", "{012509BD-0610-46F2-BCEF-076C0828D24F}"
	ProjectSection(ProjectDependencies) = postProject
		{A6E9BFEE-96EC-4FC9-9219-12202F5126CC} = {A6E9BFEE-96EC-4FC9-9219-12202F5126CC}
	EndProjectSection
EndProject
Project("{2150E333-8FDC-42A3-9474-1A3956D46DE8}") = "App", "App", "{9768B537-E4D9-49D8-9490-7D9D1B8ACA3C}"
EndProject
Project("{2150E333-8FDC-42A3-9474-1A3956D46DE8}") = "Engine", "Engine", "{41352487-45DC-4B8C-B4B4-835C408C18C6}"
EndProject
Project("{8BC9CEB8-8B4A-11D0-8D11-00A0C91BC942}") = "GameEngineCore", "GameEngineCore\GameEngineCore.vcxproj", "{4FCB06A4-36BC-495F-8A16-1C25998007A2}"
	ProjectSection(ProjectDependencies) = postProject
		{012509BD-0610-46F2-BCEF-076C0828D24F} = {012509BD-0610-46F2-BCEF-076C0828D24F}
		{A6E9BFEE-96EC-4FC9-9219-12202F5126CC} = {A6E9BFEE-96EC-4FC9-9219-12202F5126CC}
	EndProjectSection
EndProject
Project("{2150E333-8FDC-42A3-9474-1A3956D46DE8}") = "Contents", "Contents", "{BEC895F0-C2FD-46E4-A009-BBD268FCBE8B}"
EndProject
Project("{2150E333-8FDC-42A3-9474-1A3956D46DE8}") = "Level0", "Level0", "{027E2A76-B80A-45CC-B02E-8502EE645174}"
EndProject
Project("{2150E333-8FDC-42A3-9474-1A3956D46DE8}") = "Level1", "Level1", "{0B772D3F-8FB7-4ED6-A3A6-62CF84EA473B}"
EndProject
Project("{8BC9CEB8-8B4A-11D0-8D11-00A0C91BC942}") = "GameEngineContents", "GameEngineContents\GameEngineContents.vcxproj", "{E78B6D5D-F49D-4C2D-946C-5AA0CD1DFE9C}"
	ProjectSection(ProjectDependencies) = postProject
		{012509BD-0610-46F2-BCEF-076C0828D24F} = {012509BD-0610-46F2-BCEF-076C0828D24F}
		{4FCB06A4-36BC-495F-8A16-1C25998007A2} = {4FCB06A4-36BC-495F-8A16-1C25998007A2}
		{A6E9BFEE-96EC-4FC9-9219-12202F5126CC} = {A6E9BFEE-96EC-4FC9-9219-12202F5126CC}
	EndProjectSection
EndProject
Project("{8BC9CEB8-8B4A-11D0-8D11-00A0C91BC942}") = "Shader", "EngineResources\Shader\Shader.vcxproj", "{E08354D1-C960-4DAB-BAF6-BB531A92010E}"
EndProject
Project("{8BC9CEB8-8B4A-11D0-8D11-00A0C91BC942}") = "ContentsShader", "ContentResources\ContentsShader\ContentsShader.vcxproj", "{69EC00A9-D5E7-4926-AEB3-38E17437856A}"
EndProject
Global
	GlobalSection(SolutionConfigurationPlatforms) = preSolution
		Debug|x64 = Debug|x64
		Debug|x86 = Debug|x86
		Release|x64 = Release|x64
		Release|x86 = Release|x86
	EndGlobalSection
	GlobalSection(ProjectConfigurationPlatforms) = postSolution
		{BE443224-137F-4607-B7A2-341434A69F06}.Debug|x64.ActiveCfg = Debug|x64
		{BE443224-137F-4607-B7A2-341434A69F06}.Debug|x64.Build.0 = Debug|x64
		{BE443224-137F-4607-B7A2-341434A69F06}.Debug|x86.ActiveCfg = Debug|Win32
		{BE443224-137F-4607-B7A2-341434A69F06}.Debug|x86.Build.0 = Debug|Win32
		{BE443224-137F-4607-B7A2-341434A69F06}.Release|x64.ActiveCfg = Release|x64
		{BE443224-137F-4607-B7A2-341434A69F06}.Release|x64.Build.0 = Release|x64
		{BE443224-137F-4607-B7A2-341434A69F06}.Release|x86.ActiveCfg = Release|Win32
		{BE443224-137F-4607-B7A2-341434A69F06}.Release|x86.Build.0 = Release|Win32
		{A6E9BFEE-96EC-4FC9-9219-12202F5126CC}.Debug|x64.ActiveCfg = Debug|x64
		{A6E9BFEE-96EC-4FC9-9219-12202F5126CC}.Debug|x64.Build.0 = Debug|x64
		{A6E9BFEE-96EC-4FC9-9219-12202F5126CC}.Debug|x86.ActiveCfg = Debug|Win32
		{A6E9BFEE-96EC-4FC9-9219-12202F5126CC}.Debug|x86.Build.0 = Debug|Win32
		{A6E9BFEE-96EC-4FC9-9219-12202F5126CC}.Release|x64.ActiveCfg = Release|x64
		{A6E9BFEE-96EC-4FC9-9219-12202F5126CC}.Release|x64.Build.0 = Release|x64
		{A6E9BFEE-96EC-4FC9-9219-12202F5126CC}.Release|x86.ActiveCfg = Release|Win32
		{A6E9BFEE-96EC-4FC9-9219-12202F5126CC}.Release|x86.Build.0 = Release|Win32
		{012509BD-0610-46F2-BCEF-076C0828D24F}.Debug|x64.ActiveCfg = Debug|x64
		{012509BD-0610-46F2-BCEF-076C0828D24F}.Debug|x64.Build.0 = Debug|x64
		{012509BD-0610-46F2-BCEF-076C0828D24F}.Debug|x86.ActiveCfg = Debug|Win32
		{012509BD-0610-46F2-BCEF-076C0828D24F}.Debug|x86.Build.0 = Debug|Win32
		{012509BD-0610-46F2-BCEF-076C0828D24F}.Release|x64.ActiveCfg = Release|x64
		{012509BD-0610-46F2-BCEF-076C0828D24F}.Release|x64.Build.0 = Release|x64
		{012509BD-0610-46F2-BCEF-076C0828D24F}.Release|x86.ActiveCfg = Release|Win32
		{012509BD-0610-46F2-BCEF-076C0828D24F}.Release|x86.Build.0 = Release|Win32
		{4FCB06A4-36BC-495F-8A16-1C25998007A2}.Debug|x64.ActiveCfg = Debug|x64
		{4FCB06A4-36BC-495F-8A16-1C25998007A2}.Debug|x64.Build.0 = Debug|x64
		{4FCB06A4-36BC-495F-8A16-1C25998007A2}.Debug|x86.ActiveCfg = Debug|Win32
		{4FCB06A4-36BC-495F-8A16-1C25998007A2}.Debug|x86.Build.0 = Debug|Win32
		{4FCB06A4-36BC-495F-8A16-1C25998007A2}.Release|x64.ActiveCfg = Release|x64
		{4FCB06A4-36BC-495F-8A16-1C25998007A2}.Release|x64.Build.0 = Release|x64
		{4FCB06A4-36BC-495F-8A16-1C25998007A2}.Release|x86.ActiveCfg = Release|Win32
		{4FCB06A4-36BC-495F-8A16-1C25998007A2}.Release|x86.Build.0 = Release|Win32
		{E78B6D5D-F49D-4C2D-946C-5AA0CD1DFE9C}.Debug|x64.ActiveCfg = Debug|x64
		{E78B6D5D-F49D-4C2D-946C-5AA0CD1DFE9C}.Debug|x64.Build.0 = Debug|x64
		{E78B6D5D-F49D-4C2D-946C-5AA0CD1DFE9C}.Debug|x86.ActiveCfg = Debug|Win32
		{E78B6D5D-F49D-4C2D-946C-5AA0CD1DFE9C}.Debug|x86.Build.0 = Debug|Win32
		{E78B6D5D-F49D-4C2D-946C-5AA0CD1DFE9C}.Release|x64.ActiveCfg = Release|x64
		{E78B6D5D-F49D-4C2D-946C-5AA0CD1DFE9C}.Release|x64.Build.0 = Release|x64
		{E78B6D5D-F49D-4C2D-946C-5AA0CD1DFE9C}.Release|x86.ActiveCfg = Release|Win32
		{E78B6D5D-F49D-4C2D-946C-5AA0CD1DFE9C}.Release|x86.Build.0 = Release|Win32
		{E08354D1-C960-4DAB-BAF6-BB531A92010E}.Debug|x64.ActiveCfg = Debug|x64
		{E08354D1-C960-4DAB-BAF6-BB531A92010E}.Debug|x64.Build.0 = Debug|x64
		{E08354D1-C960-4DAB-BAF6-BB531A92010E}.Debug|x86.ActiveCfg = Debug|Win32
		{E08354D1-C960-4DAB-BAF6-BB531A92010E}.Debug|x86.Build.0 = Debug|Win32
		{E08354D1-C960-4DAB-BAF6-BB531A92010E}.Release|x64.ActiveCfg = Release|x64
		{E08354D1-C960-4DAB-BAF6-BB531A92010E}.Release|x64.Build.0 = Release|x64
		{E08354D1-C960-4DAB-BAF6-BB531A92010E}.Release|x86.ActiveCfg = Release|Win32
		{E08354D1-C960-4DAB-BAF6-BB531A92010E}.Release|x86.Build.0 = Release|Win32
		{69EC00A9-D5E7-4926-AEB3-38E17437856A}.Debug|x64.ActiveCfg = Debug|x64
		{69EC00A9-D5E7-4926-AEB3-38E17437856A}.Debug|x64.Build.0 = Debug|x64
		{69EC00A9-D5E7-4926-AEB3-38E17437856A}.Debug|x86.ActiveCfg = Debug|Win32
		{69EC00A9-D5E7-4926-AEB3-38E17437856A}.Debug|x86.Build.0 = Debug|Win32
		{69EC00A9-D5E7-4926-AEB3-38E17437856A}.Release|x64.ActiveCfg = Release|x64
		{69EC00A9-D5E7-4926-AEB3-38E17437856A}.Release|x64.Build.0 = Release|x64
		{69EC00A9-D5E7-4926-AEB3-38E17437856A}.Release|x86.ActiveCfg = Release|Win32
		{69EC00A9-D5E7-4926-AEB3-38E17437856A}.Release|x86.Build.0 = Release|Win32
	EndGlobalSection
	GlobalSection(SolutionProperties) = preSolution
		HideSolutionNode = FALSE
	EndGlobalSection
	GlobalSection(NestedProjects) = preSolution
		{BE443224-137F-4607-B7A2-341434A69F06} = {9768B537-E4D9-49D8-9490-7D9D1B8ACA3C}
		{A6E9BFEE-96EC-4FC9-9219-12202F5126CC} = {027E2A76-B80A-45CC-B02E-8502EE645174}
		{012509BD-0610-46F2-BCEF-076C0828D24F} = {027E2A76-B80A-45CC-B02E-8502EE645174}
		{4FCB06A4-36BC-495F-8A16-1C25998007A2} = {0B772D3F-8FB7-4ED6-A3A6-62CF84EA473B}
		{027E2A76-B80A-45CC-B02E-8502EE645174} = {41352487-45DC-4B8C-B4B4-835C408C18C6}
		{0B772D3F-8FB7-4ED6-A3A6-62CF84EA473B} = {41352487-45DC-4B8C-B4B4-835C408C18C6}
		{E78B6D5D-F49D-4C2D-946C-5AA0CD1DFE9C} = {BEC895F0-C2FD-46E4-A009-BBD268FCBE8B}
		{E08354D1-C960-4DAB-BAF6-BB531A92010E} = {41352487-45DC-4B8C-B4B4-835C408C18C6}
		{69EC00A9-D5E7-4926-AEB3-38E17437856A} = {BEC895F0-C2FD-46E4-A009-BBD268FCBE8B}
	EndGlobalSection
	GlobalSection(ExtensibilityGlobals) = postSolution
		SolutionGuid = {E2755872-A31C-4106-ABFC-9FC2E98E2999}
	EndGlobalSection
EndGlobal
